// !$*UTF8*$!
{
	archiveVersion = 1;
	classes = {
	};
	objectVersion = 50;
	objects = {

/* Begin PBXBuildFile section */
		8D1F4B2326000A270023E7AC /* DurocoinApp.swift in Sources */ = {isa = PBXBuildFile; fileRef = 8D1F4B2226000A270023E7AC /* DurocoinApp.swift */; };
		8D1F4B2526000A270023E7AC /* ContentView.swift in Sources */ = {isa = PBXBuildFile; fileRef = 8D1F4B2426000A270023E7AC /* ContentView.swift */; };
		8D1F4B2726000A2B0023E7AC /* Assets.xcassets in Resources */ = {isa = PBXBuildFile; fileRef = 8D1F4B2626000A2B0023E7AC /* Assets.xcassets */; };
		8D1F4B2A26000A2B0023E7AC /* Preview Assets.xcassets in Resources */ = {isa = PBXBuildFile; fileRef = 8D1F4B2926000A2B0023E7AC /* Preview Assets.xcassets */; };
		8D1F4B332600273B0023E7AC /* WalletView.swift in Sources */ = {isa = PBXBuildFile; fileRef = 8D1F4B322600273A0023E7AC /* WalletView.swift */; };
		8D1F4B3D260114D00023E7AC /* SupportView.swift in Sources */ = {isa = PBXBuildFile; fileRef = 8D1F4B3C260114D00023E7AC /* SupportView.swift */; };
		8D1F4B46260122090023E7AC /* SupportChatView.swift in Sources */ = {isa = PBXBuildFile; fileRef = 8D1F4B45260122090023E7AC /* SupportChatView.swift */; };
		8D1F4B49260124040023E7AC /* SettingsView.swift in Sources */ = {isa = PBXBuildFile; fileRef = 8D1F4B48260124040023E7AC /* SettingsView.swift */; };
		8D1F4B4F26017E6B0023E7AC /* hamburgerMenuView.swift in Sources */ = {isa = PBXBuildFile; fileRef = 8D1F4B4E26017E6B0023E7AC /* hamburgerMenuView.swift */; };
		8D272840262137780091C29B /* User.swift in Sources */ = {isa = PBXBuildFile; fileRef = 8D27283F262137780091C29B /* User.swift */; };
		8D272844262137850091C29B /* Tx.swift in Sources */ = {isa = PBXBuildFile; fileRef = 8D272843262137850091C29B /* Tx.swift */; };
		8D524768261023C9007F59C6 /* Invite.swift in Sources */ = {isa = PBXBuildFile; fileRef = 8D524767261023C9007F59C6 /* Invite.swift */; };
		8D52476B26102E27007F59C6 /* PayOrRequest.swift in Sources */ = {isa = PBXBuildFile; fileRef = 8D52476A26102E27007F59C6 /* PayOrRequest.swift */; };
		8D52476F26102EB0007F59C6 /* HowToFundMyWallet.swift in Sources */ = {isa = PBXBuildFile; fileRef = 8D52476E26102EB0007F59C6 /* HowToFundMyWallet.swift */; };
		8D52477326102EDE007F59C6 /* HowToBuyUSD.swift in Sources */ = {isa = PBXBuildFile; fileRef = 8D52477226102EDE007F59C6 /* HowToBuyUSD.swift */; };
		8D52477626102F31007F59C6 /* HowDoesDurocoinWork.swift in Sources */ = {isa = PBXBuildFile; fileRef = 8D52477526102F31007F59C6 /* HowDoesDurocoinWork.swift */; };
		8D52477926102FAC007F59C6 /* LoginView.swift in Sources */ = {isa = PBXBuildFile; fileRef = 8D52477826102FAC007F59C6 /* LoginView.swift */; };
		8D52477E2610399F007F59C6 /* MenuView.swift in Sources */ = {isa = PBXBuildFile; fileRef = 8D52477D2610399F007F59C6 /* MenuView.swift */; };
		8D524783261039D6007F59C6 /* LogoutView.swift in Sources */ = {isa = PBXBuildFile; fileRef = 8D524782261039D6007F59C6 /* LogoutView.swift */; };
		8D52478626103A07007F59C6 /* MainView.swift in Sources */ = {isa = PBXBuildFile; fileRef = 8D52478526103A07007F59C6 /* MainView.swift */; };
		8D52478926103A4C007F59C6 /* BuySell.swift in Sources */ = {isa = PBXBuildFile; fileRef = 8D52478826103A4C007F59C6 /* BuySell.swift */; };
		8D52478C26103A7F007F59C6 /* Buy.swift in Sources */ = {isa = PBXBuildFile; fileRef = 8D52478B26103A7F007F59C6 /* Buy.swift */; };
		8D52478F26103AA9007F59C6 /* Sell.swift in Sources */ = {isa = PBXBuildFile; fileRef = 8D52478E26103AA9007F59C6 /* Sell.swift */; };
		8D52479326103B04007F59C6 /* PersonalInfo.swift in Sources */ = {isa = PBXBuildFile; fileRef = 8D52479226103B04007F59C6 /* PersonalInfo.swift */; };
		8D52479726103B49007F59C6 /* Language.swift in Sources */ = {isa = PBXBuildFile; fileRef = 8D52479626103B49007F59C6 /* Language.swift */; };
		8D52479A26103B88007F59C6 /* Wallet.swift in Sources */ = {isa = PBXBuildFile; fileRef = 8D52479926103B88007F59C6 /* Wallet.swift */; };
		8D7FD23126058AAE0091BDFA /* TODO.rtf in Resources */ = {isa = PBXBuildFile; fileRef = 8D7FD23026058AAE0091BDFA /* TODO.rtf */; };
		8DE58DCA2622400E00F6F043 /* NetworkManager.swift in Sources */ = {isa = PBXBuildFile; fileRef = 8DE58DC92622400E00F6F043 /* NetworkManager.swift */; };
/* End PBXBuildFile section */

/* Begin PBXFileReference section */
		8D1F4B1F26000A270023E7AC /* Durocoin.app */ = {isa = PBXFileReference; explicitFileType = wrapper.application; includeInIndex = 0; path = Durocoin.app; sourceTree = BUILT_PRODUCTS_DIR; };
		8D1F4B2226000A270023E7AC /* DurocoinApp.swift */ = {isa = PBXFileReference; lastKnownFileType = sourcecode.swift; path = DurocoinApp.swift; sourceTree = "<group>"; };
		8D1F4B2426000A270023E7AC /* ContentView.swift */ = {isa = PBXFileReference; lastKnownFileType = sourcecode.swift; path = ContentView.swift; sourceTree = "<group>"; };
		8D1F4B2626000A2B0023E7AC /* Assets.xcassets */ = {isa = PBXFileReference; lastKnownFileType = folder.assetcatalog; path = Assets.xcassets; sourceTree = "<group>"; };
		8D1F4B2926000A2B0023E7AC /* Preview Assets.xcassets */ = {isa = PBXFileReference; lastKnownFileType = folder.assetcatalog; path = "Preview Assets.xcassets"; sourceTree = "<group>"; };
		8D1F4B2B26000A2B0023E7AC /* Info.plist */ = {isa = PBXFileReference; lastKnownFileType = text.plist.xml; path = Info.plist; sourceTree = "<group>"; };
		8D1F4B322600273A0023E7AC /* WalletView.swift */ = {isa = PBXFileReference; lastKnownFileType = sourcecode.swift; path = WalletView.swift; sourceTree = "<group>"; };
		8D1F4B3C260114D00023E7AC /* SupportView.swift */ = {isa = PBXFileReference; lastKnownFileType = sourcecode.swift; path = SupportView.swift; sourceTree = "<group>"; };
		8D1F4B45260122090023E7AC /* SupportChatView.swift */ = {isa = PBXFileReference; lastKnownFileType = sourcecode.swift; path = SupportChatView.swift; sourceTree = "<group>"; };
		8D1F4B48260124040023E7AC /* SettingsView.swift */ = {isa = PBXFileReference; lastKnownFileType = sourcecode.swift; path = SettingsView.swift; sourceTree = "<group>"; };
		8D1F4B4E26017E6B0023E7AC /* hamburgerMenuView.swift */ = {isa = PBXFileReference; lastKnownFileType = sourcecode.swift; path = hamburgerMenuView.swift; sourceTree = "<group>"; };
		8D27283F262137780091C29B /* User.swift */ = {isa = PBXFileReference; lastKnownFileType = sourcecode.swift; path = User.swift; sourceTree = "<group>"; };
		8D272843262137850091C29B /* Tx.swift */ = {isa = PBXFileReference; lastKnownFileType = sourcecode.swift; path = Tx.swift; sourceTree = "<group>"; };
		8D524767261023C9007F59C6 /* Invite.swift */ = {isa = PBXFileReference; lastKnownFileType = sourcecode.swift; path = Invite.swift; sourceTree = "<group>"; };
		8D52476A26102E27007F59C6 /* PayOrRequest.swift */ = {isa = PBXFileReference; lastKnownFileType = sourcecode.swift; path = PayOrRequest.swift; sourceTree = "<group>"; };
		8D52476E26102EB0007F59C6 /* HowToFundMyWallet.swift */ = {isa = PBXFileReference; lastKnownFileType = sourcecode.swift; path = HowToFundMyWallet.swift; sourceTree = "<group>"; };
		8D52477226102EDE007F59C6 /* HowToBuyUSD.swift */ = {isa = PBXFileReference; lastKnownFileType = sourcecode.swift; path = HowToBuyUSD.swift; sourceTree = "<group>"; };
		8D52477526102F31007F59C6 /* HowDoesDurocoinWork.swift */ = {isa = PBXFileReference; lastKnownFileType = sourcecode.swift; path = HowDoesDurocoinWork.swift; sourceTree = "<group>"; };
		8D52477826102FAC007F59C6 /* LoginView.swift */ = {isa = PBXFileReference; lastKnownFileType = sourcecode.swift; path = LoginView.swift; sourceTree = "<group>"; };
		8D52477D2610399F007F59C6 /* MenuView.swift */ = {isa = PBXFileReference; lastKnownFileType = sourcecode.swift; path = MenuView.swift; sourceTree = "<group>"; };
		8D524782261039D6007F59C6 /* LogoutView.swift */ = {isa = PBXFileReference; lastKnownFileType = sourcecode.swift; path = LogoutView.swift; sourceTree = "<group>"; };
		8D52478526103A07007F59C6 /* MainView.swift */ = {isa = PBXFileReference; lastKnownFileType = sourcecode.swift; path = MainView.swift; sourceTree = "<group>"; };
		8D52478826103A4C007F59C6 /* BuySell.swift */ = {isa = PBXFileReference; lastKnownFileType = sourcecode.swift; path = BuySell.swift; sourceTree = "<group>"; };
		8D52478B26103A7F007F59C6 /* Buy.swift */ = {isa = PBXFileReference; lastKnownFileType = sourcecode.swift; path = Buy.swift; sourceTree = "<group>"; };
		8D52478E26103AA9007F59C6 /* Sell.swift */ = {isa = PBXFileReference; lastKnownFileType = sourcecode.swift; path = Sell.swift; sourceTree = "<group>"; };
		8D52479226103B04007F59C6 /* PersonalInfo.swift */ = {isa = PBXFileReference; lastKnownFileType = sourcecode.swift; path = PersonalInfo.swift; sourceTree = "<group>"; };
		8D52479626103B49007F59C6 /* Language.swift */ = {isa = PBXFileReference; lastKnownFileType = sourcecode.swift; path = Language.swift; sourceTree = "<group>"; };
		8D52479926103B88007F59C6 /* Wallet.swift */ = {isa = PBXFileReference; lastKnownFileType = sourcecode.swift; path = Wallet.swift; sourceTree = "<group>"; };
		8D7FD23026058AAE0091BDFA /* TODO.rtf */ = {isa = PBXFileReference; lastKnownFileType = text.rtf; path = TODO.rtf; sourceTree = "<group>"; };
		8DE58DC92622400E00F6F043 /* NetworkManager.swift */ = {isa = PBXFileReference; lastKnownFileType = sourcecode.swift; path = NetworkManager.swift; sourceTree = "<group>"; };
/* End PBXFileReference section */

/* Begin PBXFrameworksBuildPhase section */
		8D1F4B1C26000A270023E7AC /* Frameworks */ = {
			isa = PBXFrameworksBuildPhase;
			buildActionMask = 2147483647;
			files = (
			);
			runOnlyForDeploymentPostprocessing = 0;
		};
/* End PBXFrameworksBuildPhase section */

/* Begin PBXGroup section */
		8D1F4B1626000A270023E7AC = {
			isa = PBXGroup;
			children = (
				8D1F4B2126000A270023E7AC /* Durocoin */,
				8D1F4B2026000A270023E7AC /* Products */,
			);
			sourceTree = "<group>";
		};
		8D1F4B2026000A270023E7AC /* Products */ = {
			isa = PBXGroup;
			children = (
				8D1F4B1F26000A270023E7AC /* Durocoin.app */,
			);
			name = Products;
			sourceTree = "<group>";
		};
		8D1F4B2126000A270023E7AC /* Durocoin */ = {
			isa = PBXGroup;
			children = (
				8DCE6202262773740043DB07 /* Networking */,
				8D27283E262137560091C29B /* Models */,
				8D52479126103AEC007F59C6 /* Settings */,
				8D52477C2610398B007F59C6 /* hamburgerMenu */,
				8D52476D26102E7E007F59C6 /* Support */,
				8D524761260FFD92007F59C6 /* Wallet */,
				8D1F4B2226000A270023E7AC /* DurocoinApp.swift */,
				8D1F4B2426000A270023E7AC /* ContentView.swift */,
				8D52477826102FAC007F59C6 /* LoginView.swift */,
				8D1F4B2626000A2B0023E7AC /* Assets.xcassets */,
				8D1F4B2B26000A2B0023E7AC /* Info.plist */,
				8D1F4B2826000A2B0023E7AC /* Preview Content */,
				8D7FD23026058AAE0091BDFA /* TODO.rtf */,
			);
			path = Durocoin;
			sourceTree = "<group>";
		};
		8D1F4B2826000A2B0023E7AC /* Preview Content */ = {
			isa = PBXGroup;
			children = (
				8D1F4B2926000A2B0023E7AC /* Preview Assets.xcassets */,
			);
			path = "Preview Content";
			sourceTree = "<group>";
		};
		8D27283E262137560091C29B /* Models */ = {
			isa = PBXGroup;
			children = (
				8D27283F262137780091C29B /* User.swift */,
				8D272843262137850091C29B /* Tx.swift */,
			);
			path = Models;
			sourceTree = "<group>";
		};
		8D524761260FFD92007F59C6 /* Wallet */ = {
			isa = PBXGroup;
			children = (
				8D1F4B322600273A0023E7AC /* WalletView.swift */,
				8D524767261023C9007F59C6 /* Invite.swift */,
				8D52476A26102E27007F59C6 /* PayOrRequest.swift */,
			);
			path = Wallet;
			sourceTree = "<group>";
		};
		8D52476D26102E7E007F59C6 /* Support */ = {
			isa = PBXGroup;
			children = (
				8D1F4B3C260114D00023E7AC /* SupportView.swift */,
				8D1F4B45260122090023E7AC /* SupportChatView.swift */,
				8D52476E26102EB0007F59C6 /* HowToFundMyWallet.swift */,
				8D52477226102EDE007F59C6 /* HowToBuyUSD.swift */,
				8D52477526102F31007F59C6 /* HowDoesDurocoinWork.swift */,
			);
			path = Support;
			sourceTree = "<group>";
		};
		8D52477C2610398B007F59C6 /* hamburgerMenu */ = {
			isa = PBXGroup;
			children = (
				8D1F4B4E26017E6B0023E7AC /* hamburgerMenuView.swift */,
				8D52477D2610399F007F59C6 /* MenuView.swift */,
				8D524782261039D6007F59C6 /* LogoutView.swift */,
				8D52478526103A07007F59C6 /* MainView.swift */,
				8D52478826103A4C007F59C6 /* BuySell.swift */,
				8D52478B26103A7F007F59C6 /* Buy.swift */,
				8D52478E26103AA9007F59C6 /* Sell.swift */,
			);
			path = hamburgerMenu;
			sourceTree = "<group>";
		};
		8D52479126103AEC007F59C6 /* Settings */ = {
			isa = PBXGroup;
			children = (
				8D1F4B48260124040023E7AC /* SettingsView.swift */,
				8D52479226103B04007F59C6 /* PersonalInfo.swift */,
				8D52479626103B49007F59C6 /* Language.swift */,
				8D52479926103B88007F59C6 /* Wallet.swift */,
			);
			path = Settings;
			sourceTree = "<group>";
		};
		8DCE6202262773740043DB07 /* Networking */ = {
			isa = PBXGroup;
			children = (
				8DE58DC92622400E00F6F043 /* NetworkManager.swift */,
			);
			path = Networking;
			sourceTree = "<group>";
		};
/* End PBXGroup section */

/* Begin PBXNativeTarget section */
		8D1F4B1E26000A270023E7AC /* Durocoin */ = {
			isa = PBXNativeTarget;
			buildConfigurationList = 8D1F4B2E26000A2B0023E7AC /* Build configuration list for PBXNativeTarget "Durocoin" */;
			buildPhases = (
				8D1F4B1B26000A270023E7AC /* Sources */,
				8D1F4B1C26000A270023E7AC /* Frameworks */,
				8D1F4B1D26000A270023E7AC /* Resources */,
			);
			buildRules = (
			);
			dependencies = (
			);
			name = Durocoin;
			productName = Durocoin;
			productReference = 8D1F4B1F26000A270023E7AC /* Durocoin.app */;
			productType = "com.apple.product-type.application";
		};
/* End PBXNativeTarget section */

/* Begin PBXProject section */
		8D1F4B1726000A270023E7AC /* Project object */ = {
			isa = PBXProject;
			attributes = {
				LastSwiftUpdateCheck = 1220;
				LastUpgradeCheck = 1220;
				TargetAttributes = {
					8D1F4B1E26000A270023E7AC = {
						CreatedOnToolsVersion = 12.2;
					};
				};
			};
			buildConfigurationList = 8D1F4B1A26000A270023E7AC /* Build configuration list for PBXProject "Durocoin" */;
			compatibilityVersion = "Xcode 9.3";
			developmentRegion = en;
			hasScannedForEncodings = 0;
			knownRegions = (
				en,
				Base,
			);
			mainGroup = 8D1F4B1626000A270023E7AC;
			productRefGroup = 8D1F4B2026000A270023E7AC /* Products */;
			projectDirPath = "";
			projectRoot = "";
			targets = (
				8D1F4B1E26000A270023E7AC /* Durocoin */,
			);
		};
/* End PBXProject section */

/* Begin PBXResourcesBuildPhase section */
		8D1F4B1D26000A270023E7AC /* Resources */ = {
			isa = PBXResourcesBuildPhase;
			buildActionMask = 2147483647;
			files = (
				8D1F4B2A26000A2B0023E7AC /* Preview Assets.xcassets in Resources */,
				8D1F4B2726000A2B0023E7AC /* Assets.xcassets in Resources */,
				8D7FD23126058AAE0091BDFA /* TODO.rtf in Resources */,
			);
			runOnlyForDeploymentPostprocessing = 0;
		};
/* End PBXResourcesBuildPhase section */

/* Begin PBXSourcesBuildPhase section */
		8D1F4B1B26000A270023E7AC /* Sources */ = {
			isa = PBXSourcesBuildPhase;
			buildActionMask = 2147483647;
			files = (
				8D52478C26103A7F007F59C6 /* Buy.swift in Sources */,
				8D1F4B3D260114D00023E7AC /* SupportView.swift in Sources */,
				8D1F4B49260124040023E7AC /* SettingsView.swift in Sources */,
				8D52479726103B49007F59C6 /* Language.swift in Sources */,
				8D1F4B46260122090023E7AC /* SupportChatView.swift in Sources */,
				8D1F4B2526000A270023E7AC /* ContentView.swift in Sources */,
				8D52476B26102E27007F59C6 /* PayOrRequest.swift in Sources */,
				8D1F4B2326000A270023E7AC /* DurocoinApp.swift in Sources */,
				8D1F4B332600273B0023E7AC /* WalletView.swift in Sources */,
				8D524783261039D6007F59C6 /* LogoutView.swift in Sources */,
				8D52477E2610399F007F59C6 /* MenuView.swift in Sources */,
				8D52478626103A07007F59C6 /* MainView.swift in Sources */,
				8D52478F26103AA9007F59C6 /* Sell.swift in Sources */,
				8D52477626102F31007F59C6 /* HowDoesDurocoinWork.swift in Sources */,
				8D52479A26103B88007F59C6 /* Wallet.swift in Sources */,
				8D52479326103B04007F59C6 /* PersonalInfo.swift in Sources */,
				8D524768261023C9007F59C6 /* Invite.swift in Sources */,
				8D52477326102EDE007F59C6 /* HowToBuyUSD.swift in Sources */,
				8D52477926102FAC007F59C6 /* LoginView.swift in Sources */,
				8D52478926103A4C007F59C6 /* BuySell.swift in Sources */,
				8D1F4B4F26017E6B0023E7AC /* hamburgerMenuView.swift in Sources */,
				8D52476F26102EB0007F59C6 /* HowToFundMyWallet.swift in Sources */,
				8DE58DCA2622400E00F6F043 /* NetworkManager.swift in Sources */,
				8D272840262137780091C29B /* User.swift in Sources */,
				8D272844262137850091C29B /* Tx.swift in Sources */,
			);
			runOnlyForDeploymentPostprocessing = 0;
		};
/* End PBXSourcesBuildPhase section */

/* Begin XCBuildConfiguration section */
		8D1F4B2C26000A2B0023E7AC /* Debug */ = {
			isa = XCBuildConfiguration;
			buildSettings = {
				ALWAYS_SEARCH_USER_PATHS = NO;
				CLANG_ANALYZER_NONNULL = YES;
				CLANG_ANALYZER_NUMBER_OBJECT_CONVERSION = YES_AGGRESSIVE;
				CLANG_CXX_LANGUAGE_STANDARD = "gnu++14";
				CLANG_CXX_LIBRARY = "libc++";
				CLANG_ENABLE_MODULES = YES;
				CLANG_ENABLE_OBJC_ARC = YES;
				CLANG_ENABLE_OBJC_WEAK = YES;
				CLANG_WARN_BLOCK_CAPTURE_AUTORELEASING = YES;
				CLANG_WARN_BOOL_CONVERSION = YES;
				CLANG_WARN_COMMA = YES;
				CLANG_WARN_CONSTANT_CONVERSION = YES;
				CLANG_WARN_DEPRECATED_OBJC_IMPLEMENTATIONS = YES;
				CLANG_WARN_DIRECT_OBJC_ISA_USAGE = YES_ERROR;
				CLANG_WARN_DOCUMENTATION_COMMENTS = YES;
				CLANG_WARN_EMPTY_BODY = YES;
				CLANG_WARN_ENUM_CONVERSION = YES;
				CLANG_WARN_INFINITE_RECURSION = YES;
				CLANG_WARN_INT_CONVERSION = YES;
				CLANG_WARN_NON_LITERAL_NULL_CONVERSION = YES;
				CLANG_WARN_OBJC_IMPLICIT_RETAIN_SELF = YES;
				CLANG_WARN_OBJC_LITERAL_CONVERSION = YES;
				CLANG_WARN_OBJC_ROOT_CLASS = YES_ERROR;
				CLANG_WARN_QUOTED_INCLUDE_IN_FRAMEWORK_HEADER = YES;
				CLANG_WARN_RANGE_LOOP_ANALYSIS = YES;
				CLANG_WARN_STRICT_PROTOTYPES = YES;
				CLANG_WARN_SUSPICIOUS_MOVE = YES;
				CLANG_WARN_UNGUARDED_AVAILABILITY = YES_AGGRESSIVE;
				CLANG_WARN_UNREACHABLE_CODE = YES;
				CLANG_WARN__DUPLICATE_METHOD_MATCH = YES;
				COPY_PHASE_STRIP = NO;
				DEBUG_INFORMATION_FORMAT = dwarf;
				ENABLE_STRICT_OBJC_MSGSEND = YES;
				ENABLE_TESTABILITY = YES;
				GCC_C_LANGUAGE_STANDARD = gnu11;
				GCC_DYNAMIC_NO_PIC = NO;
				GCC_NO_COMMON_BLOCKS = YES;
				GCC_OPTIMIZATION_LEVEL = 0;
				GCC_PREPROCESSOR_DEFINITIONS = (
					"DEBUG=1",
					"$(inherited)",
				);
				GCC_WARN_64_TO_32_BIT_CONVERSION = YES;
				GCC_WARN_ABOUT_RETURN_TYPE = YES_ERROR;
				GCC_WARN_UNDECLARED_SELECTOR = YES;
				GCC_WARN_UNINITIALIZED_AUTOS = YES_AGGRESSIVE;
				GCC_WARN_UNUSED_FUNCTION = YES;
				GCC_WARN_UNUSED_VARIABLE = YES;
				IPHONEOS_DEPLOYMENT_TARGET = 14.2;
				MTL_ENABLE_DEBUG_INFO = INCLUDE_SOURCE;
				MTL_FAST_MATH = YES;
				ONLY_ACTIVE_ARCH = YES;
				SDKROOT = iphoneos;
				SWIFT_ACTIVE_COMPILATION_CONDITIONS = DEBUG;
				SWIFT_OPTIMIZATION_LEVEL = "-Onone";
			};
			name = Debug;
		};
		8D1F4B2D26000A2B0023E7AC /* Release */ = {
			isa = XCBuildConfiguration;
			buildSettings = {
				ALWAYS_SEARCH_USER_PATHS = NO;
				CLANG_ANALYZER_NONNULL = YES;
				CLANG_ANALYZER_NUMBER_OBJECT_CONVERSION = YES_AGGRESSIVE;
				CLANG_CXX_LANGUAGE_STANDARD = "gnu++14";
				CLANG_CXX_LIBRARY = "libc++";
				CLANG_ENABLE_MODULES = YES;
				CLANG_ENABLE_OBJC_ARC = YES;
				CLANG_ENABLE_OBJC_WEAK = YES;
				CLANG_WARN_BLOCK_CAPTURE_AUTORELEASING = YES;
				CLANG_WARN_BOOL_CONVERSION = YES;
				CLANG_WARN_COMMA = YES;
				CLANG_WARN_CONSTANT_CONVERSION = YES;
				CLANG_WARN_DEPRECATED_OBJC_IMPLEMENTATIONS = YES;
				CLANG_WARN_DIRECT_OBJC_ISA_USAGE = YES_ERROR;
				CLANG_WARN_DOCUMENTATION_COMMENTS = YES;
				CLANG_WARN_EMPTY_BODY = YES;
				CLANG_WARN_ENUM_CONVERSION = YES;
				CLANG_WARN_INFINITE_RECURSION = YES;
				CLANG_WARN_INT_CONVERSION = YES;
				CLANG_WARN_NON_LITERAL_NULL_CONVERSION = YES;
				CLANG_WARN_OBJC_IMPLICIT_RETAIN_SELF = YES;
				CLANG_WARN_OBJC_LITERAL_CONVERSION = YES;
				CLANG_WARN_OBJC_ROOT_CLASS = YES_ERROR;
				CLANG_WARN_QUOTED_INCLUDE_IN_FRAMEWORK_HEADER = YES;
				CLANG_WARN_RANGE_LOOP_ANALYSIS = YES;
				CLANG_WARN_STRICT_PROTOTYPES = YES;
				CLANG_WARN_SUSPICIOUS_MOVE = YES;
				CLANG_WARN_UNGUARDED_AVAILABILITY = YES_AGGRESSIVE;
				CLANG_WARN_UNREACHABLE_CODE = YES;
				CLANG_WARN__DUPLICATE_METHOD_MATCH = YES;
				COPY_PHASE_STRIP = NO;
				DEBUG_INFORMATION_FORMAT = "dwarf-with-dsym";
				ENABLE_NS_ASSERTIONS = NO;
				ENABLE_STRICT_OBJC_MSGSEND = YES;
				GCC_C_LANGUAGE_STANDARD = gnu11;
				GCC_NO_COMMON_BLOCKS = YES;
				GCC_WARN_64_TO_32_BIT_CONVERSION = YES;
				GCC_WARN_ABOUT_RETURN_TYPE = YES_ERROR;
				GCC_WARN_UNDECLARED_SELECTOR = YES;
				GCC_WARN_UNINITIALIZED_AUTOS = YES_AGGRESSIVE;
				GCC_WARN_UNUSED_FUNCTION = YES;
				GCC_WARN_UNUSED_VARIABLE = YES;
				IPHONEOS_DEPLOYMENT_TARGET = 14.2;
				MTL_ENABLE_DEBUG_INFO = NO;
				MTL_FAST_MATH = YES;
				SDKROOT = iphoneos;
				SWIFT_COMPILATION_MODE = wholemodule;
				SWIFT_OPTIMIZATION_LEVEL = "-O";
				VALIDATE_PRODUCT = YES;
			};
			name = Release;
		};
		8D1F4B2F26000A2B0023E7AC /* Debug */ = {
			isa = XCBuildConfiguration;
			buildSettings = {
				ASSETCATALOG_COMPILER_APPICON_NAME = AppIcon;
				ASSETCATALOG_COMPILER_GLOBAL_ACCENT_COLOR_NAME = AccentColor;
				CODE_SIGN_STYLE = Automatic;
				DEVELOPMENT_ASSET_PATHS = "\"Durocoin/Preview Content\"";
				ENABLE_PREVIEWS = YES;
				INFOPLIST_FILE = Durocoin/Info.plist;
				IPHONEOS_DEPLOYMENT_TARGET = 14.0;
				LD_RUNPATH_SEARCH_PATHS = (
					"$(inherited)",
					"@executable_path/Frameworks",
				);
				PRODUCT_BUNDLE_IDENTIFIER = com.logan.Durocoin;
				PRODUCT_NAME = "$(TARGET_NAME)";
				SWIFT_VERSION = 5.0;
				TARGETED_DEVICE_FAMILY = "1,2";
			};
			name = Debug;
		};
		8D1F4B3026000A2B0023E7AC /* Release */ = {
			isa = XCBuildConfiguration;
			buildSettings = {
				ASSETCATALOG_COMPILER_APPICON_NAME = AppIcon;
				ASSETCATALOG_COMPILER_GLOBAL_ACCENT_COLOR_NAME = AccentColor;
				CODE_SIGN_STYLE = Automatic;
				DEVELOPMENT_ASSET_PATHS = "\"Durocoin/Preview Content\"";
				ENABLE_PREVIEWS = YES;
				INFOPLIST_FILE = Durocoin/Info.plist;
				IPHONEOS_DEPLOYMENT_TARGET = 14.0;
				LD_RUNPATH_SEARCH_PATHS = (
					"$(inherited)",
					"@executable_path/Frameworks",
				);
				PRODUCT_BUNDLE_IDENTIFIER = com.logan.Durocoin;
				PRODUCT_NAME = "$(TARGET_NAME)";
				SWIFT_VERSION = 5.0;
				TARGETED_DEVICE_FAMILY = "1,2";
			};
			name = Release;
		};
/* End XCBuildConfiguration section */

/* Begin XCConfigurationList section */
		8D1F4B1A26000A270023E7AC /* Build configuration list for PBXProject "Durocoin" */ = {
			isa = XCConfigurationList;
			buildConfigurations = (
				8D1F4B2C26000A2B0023E7AC /* Debug */,
				8D1F4B2D26000A2B0023E7AC /* Release */,
			);
			defaultConfigurationIsVisible = 0;
			defaultConfigurationName = Release;
		};
		8D1F4B2E26000A2B0023E7AC /* Build configuration list for PBXNativeTarget "Durocoin" */ = {
			isa = XCConfigurationList;
			buildConfigurations = (
				8D1F4B2F26000A2B0023E7AC /* Debug */,
				8D1F4B3026000A2B0023E7AC /* Release */,
			);
			defaultConfigurationIsVisible = 0;
			defaultConfigurationName = Release;
		};
/* End XCConfigurationList section */
	};
	rootObject = 8D1F4B1726000A270023E7AC /* Project object */;
}
